
Microsoft Visual Studio Solution File, Format Version 12.00
# Visual Studio Version 17
VisualStudioVersion = 17.6.33829.357
MinimumVisualStudioVersion = 10.0.40219.1
Project("{FAE04EC0-301F-11D3-BF4B-00C04F79EFBC}") = "NorthwindMVCUygulama", "NorthwindMVCUygulama\NorthwindMVCUygulama.csproj", "{DD4D8107-C436-416C-9CF9-4D52E18EBEFB}"
EndProject
Global
	GlobalSection(SolutionConfigurationPlatforms) = preSolution
		Debug|Any CPU = Debug|Any CPU
		Release|Any CPU = Release|Any CPU
	EndGlobalSection
	GlobalSection(ProjectConfigurationPlatforms) = postSolution
		{DD4D8107-C436-416C-9CF9-4D52E18EBEFB}.Debug|Any CPU.ActiveCfg = Debug|Any CPU
		{DD4D8107-C436-416C-9CF9-4D52E18EBEFB}.Debug|Any CPU.Build.0 = Debug|Any CPU
		{DD4D8107-C436-416C-9CF9-4D52E18EBEFB}.Release|Any CPU.ActiveCfg = Release|Any CPU
		{DD4D8107-C436-416C-9CF9-4D52E18EBEFB}.Release|Any CPU.Build.0 = Release|Any CPU
	EndGlobalSection
	GlobalSection(SolutionProperties) = preSolution
		HideSolutionNode = FALSE
	EndGlobalSection
	GlobalSection(ExtensibilityGlobals) = postSolution
		SolutionGuid = {16AD121A-68A5-4BD3-B9F2-B397B35FAAA1}
	EndGlobalSection
EndGlobal
